PODS:
  - RangersAppLog (5.3.1):
    - RangersAppLog/Core (= 5.3.1)
    - RangersAppLog/Log (= 5.3.1)
    - RangersAppLog/Picker (= 5.3.1)
    - RangersAppLog/UITracker (= 5.3.1)
  - RangersAppLog/Core (5.3.1)
  - RangersAppLog/Log (5.3.1):
    - RangersAppLog/Core
  - RangersAppLog/Picker (5.3.1):
    - RangersAppLog/Log
    - RangersAppLog/UITracker
  - RangersAppLog/UITracker (5.3.1):
    - RangersAppLog/Core

DEPENDENCIES:
  - RangersAppLog (from `../`)

EXTERNAL SOURCES:
  RangersAppLog:
    :path: "../"

SPEC CHECKSUMS:
  RangersAppLog: 917f51a163a18c5aaf04a812837f465cdbb563e0

PODFILE CHECKSUM: bb9f217a8b88f3ef78b600e5fb43610e58077d36

COCOAPODS: 1.9.2
