PODS:
  - RangersAppLog (5.3.0):
    - RangersAppLog/Core (= 5.3.0)
    - RangersAppLog/Log (= 5.3.0)
    - RangersAppLog/Picker (= 5.3.0)
    - RangersAppLog/UITracker (= 5.3.0)
  - RangersAppLog/Core (5.3.0)
  - RangersAppLog/Log (5.3.0):
    - RangersAppLog/Core
  - RangersAppLog/Picker (5.3.0):
    - RangersAppLog/Log
    - RangersAppLog/UITracker
  - RangersAppLog/UITracker (5.3.0):
    - RangersAppLog/Core

DEPENDENCIES:
  - RangersAppLog (from `../`)

EXTERNAL SOURCES:
  RangersAppLog:
    :path: "../"

SPEC CHECKSUMS:
  RangersAppLog: b8bc3db5600f08c17256ffa48c9cf9c03ae4a324

PODFILE CHECKSUM: bb9f217a8b88f3ef78b600e5fb43610e58077d36

COCOAPODS: 1.9.2
