PODS:
  - RangersAppLog (4.4.1):
    - RangersAppLog/Core (= 4.4.1)
    - RangersAppLog/Picker (= 4.4.1)
    - RangersAppLog/UITracker (= 4.4.1)
  - RangersAppLog/Core (4.4.1)
  - RangersAppLog/Picker (4.4.1):
    - RangersAppLog/UITracker
  - RangersAppLog/UITracker (4.4.1):
    - RangersAppLog/Core

DEPENDENCIES:
  - RangersAppLog (from `../`)

EXTERNAL SOURCES:
  RangersAppLog:
    :path: "../"

SPEC CHECKSUMS:
  RangersAppLog: 64ce346c8873e546f67415cfc10714d8ae296456

PODFILE CHECKSUM: 2bc9705ac8ec2c1548f999db41dcad66adc3031d

COCOAPODS: 1.8.4
