// !$*UTF8*$!
{
	archiveVersion = 1;
	classes = {
	};
	objectVersion = 50;
	objects = {

/* Begin PBXBuildFile section */
		390DF226A10BE45D147A2B4A /* libPods-RangersAppLog.a in Frameworks */ = {isa = PBXBuildFile; fileRef = 29DFEF9F98A2D3A6D5C93AFF /* libPods-RangersAppLog.a */; };
		C41C889A232653FB00C9AFC8 /* AppDelegate.m in Sources */ = {isa = PBXBuildFile; fileRef = C41C8899232653FB00C9AFC8 /* AppDelegate.m */; };
		C41C88A0232653FB00C9AFC8 /* Main.storyboard in Resources */ = {isa = PBXBuildFile; fileRef = C41C889E232653FB00C9AFC8 /* Main.storyboard */; };
		C41C88A2232653FD00C9AFC8 /* Assets.xcassets in Resources */ = {isa = PBXBuildFile; fileRef = C41C88A1232653FD00C9AFC8 /* Assets.xcassets */; };
		C41C88A5232653FD00C9AFC8 /* LaunchScreen.storyboard in Resources */ = {isa = PBXBuildFile; fileRef = C41C88A3232653FD00C9AFC8 /* LaunchScreen.storyboard */; };
		C41C88A8232653FD00C9AFC8 /* main.m in Sources */ = {isa = PBXBuildFile; fileRef = C41C88A7232653FD00C9AFC8 /* main.m */; };
		C41C88B0232655E800C9AFC8 /* BDAdapter.m in Sources */ = {isa = PBXBuildFile; fileRef = C41C88AF232655E800C9AFC8 /* BDAdapter.m */; };
		C41C88B32326562600C9AFC8 /* BDFeedModel.m in Sources */ = {isa = PBXBuildFile; fileRef = C41C88B22326562600C9AFC8 /* BDFeedModel.m */; };
		C41C88B62326564600C9AFC8 /* BDFeedLoader.m in Sources */ = {isa = PBXBuildFile; fileRef = C41C88B52326564600C9AFC8 /* BDFeedLoader.m */; };
		C41C88B9232656C800C9AFC8 /* BDBaseTableViewController.m in Sources */ = {isa = PBXBuildFile; fileRef = C41C88B8232656C800C9AFC8 /* BDBaseTableViewController.m */; };
		C41C88BC2326577600C9AFC8 /* BDDemoViewController.m in Sources */ = {isa = PBXBuildFile; fileRef = C41C88BB2326577600C9AFC8 /* BDDemoViewController.m */; };
		C49D7BAC2372B4020005D95F /* AVFoundation.framework in Frameworks */ = {isa = PBXBuildFile; fileRef = C49D7BAB2372B4020005D95F /* AVFoundation.framework */; };
		C49D7C9023730D010005D95F /* test_song.mp3 in Resources */ = {isa = PBXBuildFile; fileRef = C49D7C8F23730D010005D95F /* test_song.mp3 */; };
		C49D7C94237310410005D95F /* BDPlayer.m in Sources */ = {isa = PBXBuildFile; fileRef = C49D7C93237310410005D95F /* BDPlayer.m */; };
		C49D7C9823731E760005D95F /* LocationTracker.m in Sources */ = {isa = PBXBuildFile; fileRef = C49D7C9723731E760005D95F /* LocationTracker.m */; };
		C49D7C9A23731ED40005D95F /* CoreLocation.framework in Frameworks */ = {isa = PBXBuildFile; fileRef = C49D7C9923731ED40005D95F /* CoreLocation.framework */; };
		C49D7C9E237323BD0005D95F /* BackgroundTask.m in Sources */ = {isa = PBXBuildFile; fileRef = C49D7C9D237323BD0005D95F /* BackgroundTask.m */; };
		C49D7CA123732DE00005D95F /* BackgroundDownload.m in Sources */ = {isa = PBXBuildFile; fileRef = C49D7CA023732DE00005D95F /* BackgroundDownload.m */; };
		C49D7CA32373A9760005D95F /* test_song.jpg in Resources */ = {isa = PBXBuildFile; fileRef = C49D7CA22373A9760005D95F /* test_song.jpg */; };
		C49D7E6D2375C6F20005D95F /* LocalPush.m in Sources */ = {isa = PBXBuildFile; fileRef = C49D7E6C2375C6F20005D95F /* LocalPush.m */; };
		C49D7E702376795D0005D95F /* BDResultViewController.m in Sources */ = {isa = PBXBuildFile; fileRef = C49D7E6F2376795D0005D95F /* BDResultViewController.m */; };
/* End PBXBuildFile section */

/* Begin PBXFileReference section */
		29DFEF9F98A2D3A6D5C93AFF /* libPods-RangersAppLog.a */ = {isa = PBXFileReference; explicitFileType = archive.ar; includeInIndex = 0; path = "libPods-RangersAppLog.a"; sourceTree = BUILT_PRODUCTS_DIR; };
		4C491C5F133965B5626423D2 /* Pods-RangersAppLog.release.xcconfig */ = {isa = PBXFileReference; includeInIndex = 1; lastKnownFileType = text.xcconfig; name = "Pods-RangersAppLog.release.xcconfig"; path = "Target Support Files/Pods-RangersAppLog/Pods-RangersAppLog.release.xcconfig"; sourceTree = "<group>"; };
		8187740B1580DDB49896E8B6 /* Pods-RangersAppLog.debug.xcconfig */ = {isa = PBXFileReference; includeInIndex = 1; lastKnownFileType = text.xcconfig; name = "Pods-RangersAppLog.debug.xcconfig"; path = "Target Support Files/Pods-RangersAppLog/Pods-RangersAppLog.debug.xcconfig"; sourceTree = "<group>"; };
		C41C8895232653FB00C9AFC8 /* RangersAppLog.app */ = {isa = PBXFileReference; explicitFileType = wrapper.application; includeInIndex = 0; path = RangersAppLog.app; sourceTree = BUILT_PRODUCTS_DIR; };
		C41C8898232653FB00C9AFC8 /* AppDelegate.h */ = {isa = PBXFileReference; lastKnownFileType = sourcecode.c.h; path = AppDelegate.h; sourceTree = "<group>"; };
		C41C8899232653FB00C9AFC8 /* AppDelegate.m */ = {isa = PBXFileReference; lastKnownFileType = sourcecode.c.objc; path = AppDelegate.m; sourceTree = "<group>"; };
		C41C889F232653FB00C9AFC8 /* Base */ = {isa = PBXFileReference; lastKnownFileType = file.storyboard; name = Base; path = Base.lproj/Main.storyboard; sourceTree = "<group>"; };
		C41C88A1232653FD00C9AFC8 /* Assets.xcassets */ = {isa = PBXFileReference; lastKnownFileType = folder.assetcatalog; path = Assets.xcassets; sourceTree = "<group>"; };
		C41C88A4232653FD00C9AFC8 /* Base */ = {isa = PBXFileReference; lastKnownFileType = file.storyboard; name = Base; path = Base.lproj/LaunchScreen.storyboard; sourceTree = "<group>"; };
		C41C88A6232653FD00C9AFC8 /* Info.plist */ = {isa = PBXFileReference; lastKnownFileType = text.plist.xml; path = Info.plist; sourceTree = "<group>"; };
		C41C88A7232653FD00C9AFC8 /* main.m */ = {isa = PBXFileReference; lastKnownFileType = sourcecode.c.objc; path = main.m; sourceTree = "<group>"; };
		C41C88AE232655E800C9AFC8 /* BDAdapter.h */ = {isa = PBXFileReference; lastKnownFileType = sourcecode.c.h; path = BDAdapter.h; sourceTree = "<group>"; };
		C41C88AF232655E800C9AFC8 /* BDAdapter.m */ = {isa = PBXFileReference; lastKnownFileType = sourcecode.c.objc; path = BDAdapter.m; sourceTree = "<group>"; };
		C41C88B12326562600C9AFC8 /* BDFeedModel.h */ = {isa = PBXFileReference; lastKnownFileType = sourcecode.c.h; path = BDFeedModel.h; sourceTree = "<group>"; };
		C41C88B22326562600C9AFC8 /* BDFeedModel.m */ = {isa = PBXFileReference; lastKnownFileType = sourcecode.c.objc; path = BDFeedModel.m; sourceTree = "<group>"; };
		C41C88B42326564600C9AFC8 /* BDFeedLoader.h */ = {isa = PBXFileReference; lastKnownFileType = sourcecode.c.h; path = BDFeedLoader.h; sourceTree = "<group>"; };
		C41C88B52326564600C9AFC8 /* BDFeedLoader.m */ = {isa = PBXFileReference; lastKnownFileType = sourcecode.c.objc; path = BDFeedLoader.m; sourceTree = "<group>"; };
		C41C88B7232656C800C9AFC8 /* BDBaseTableViewController.h */ = {isa = PBXFileReference; lastKnownFileType = sourcecode.c.h; path = BDBaseTableViewController.h; sourceTree = "<group>"; };
		C41C88B8232656C800C9AFC8 /* BDBaseTableViewController.m */ = {isa = PBXFileReference; lastKnownFileType = sourcecode.c.objc; path = BDBaseTableViewController.m; sourceTree = "<group>"; };
		C41C88BA2326577600C9AFC8 /* BDDemoViewController.h */ = {isa = PBXFileReference; lastKnownFileType = sourcecode.c.h; path = BDDemoViewController.h; sourceTree = "<group>"; };
		C41C88BB2326577600C9AFC8 /* BDDemoViewController.m */ = {isa = PBXFileReference; lastKnownFileType = sourcecode.c.objc; path = BDDemoViewController.m; sourceTree = "<group>"; };
		C49D7BAB2372B4020005D95F /* AVFoundation.framework */ = {isa = PBXFileReference; lastKnownFileType = wrapper.framework; name = AVFoundation.framework; path = System/Library/Frameworks/AVFoundation.framework; sourceTree = SDKROOT; };
		C49D7C8F23730D010005D95F /* test_song.mp3 */ = {isa = PBXFileReference; lastKnownFileType = audio.mp3; path = test_song.mp3; sourceTree = "<group>"; };
		C49D7C92237310410005D95F /* BDPlayer.h */ = {isa = PBXFileReference; lastKnownFileType = sourcecode.c.h; path = BDPlayer.h; sourceTree = "<group>"; };
		C49D7C93237310410005D95F /* BDPlayer.m */ = {isa = PBXFileReference; lastKnownFileType = sourcecode.c.objc; path = BDPlayer.m; sourceTree = "<group>"; };
		C49D7C9623731E760005D95F /* LocationTracker.h */ = {isa = PBXFileReference; lastKnownFileType = sourcecode.c.h; path = LocationTracker.h; sourceTree = "<group>"; };
		C49D7C9723731E760005D95F /* LocationTracker.m */ = {isa = PBXFileReference; lastKnownFileType = sourcecode.c.objc; path = LocationTracker.m; sourceTree = "<group>"; };
		C49D7C9923731ED40005D95F /* CoreLocation.framework */ = {isa = PBXFileReference; lastKnownFileType = wrapper.framework; name = CoreLocation.framework; path = System/Library/Frameworks/CoreLocation.framework; sourceTree = SDKROOT; };
		C49D7C9C237323BD0005D95F /* BackgroundTask.h */ = {isa = PBXFileReference; lastKnownFileType = sourcecode.c.h; path = BackgroundTask.h; sourceTree = "<group>"; };
		C49D7C9D237323BD0005D95F /* BackgroundTask.m */ = {isa = PBXFileReference; lastKnownFileType = sourcecode.c.objc; path = BackgroundTask.m; sourceTree = "<group>"; };
		C49D7C9F23732DE00005D95F /* BackgroundDownload.h */ = {isa = PBXFileReference; lastKnownFileType = sourcecode.c.h; path = BackgroundDownload.h; sourceTree = "<group>"; };
		C49D7CA023732DE00005D95F /* BackgroundDownload.m */ = {isa = PBXFileReference; lastKnownFileType = sourcecode.c.objc; path = BackgroundDownload.m; sourceTree = "<group>"; };
		C49D7CA22373A9760005D95F /* test_song.jpg */ = {isa = PBXFileReference; lastKnownFileType = image.jpeg; path = test_song.jpg; sourceTree = "<group>"; };
		C49D7E692375C5660005D95F /* RangersAppLog.entitlements */ = {isa = PBXFileReference; lastKnownFileType = text.plist.entitlements; path = RangersAppLog.entitlements; sourceTree = "<group>"; };
		C49D7E6B2375C6F20005D95F /* LocalPush.h */ = {isa = PBXFileReference; lastKnownFileType = sourcecode.c.h; path = LocalPush.h; sourceTree = "<group>"; };
		C49D7E6C2375C6F20005D95F /* LocalPush.m */ = {isa = PBXFileReference; lastKnownFileType = sourcecode.c.objc; path = LocalPush.m; sourceTree = "<group>"; };
		C49D7E6E2376795D0005D95F /* BDResultViewController.h */ = {isa = PBXFileReference; lastKnownFileType = sourcecode.c.h; path = BDResultViewController.h; sourceTree = "<group>"; };
		C49D7E6F2376795D0005D95F /* BDResultViewController.m */ = {isa = PBXFileReference; lastKnownFileType = sourcecode.c.objc; path = BDResultViewController.m; sourceTree = "<group>"; };
/* End PBXFileReference section */

/* Begin PBXFrameworksBuildPhase section */
		C41C8892232653FB00C9AFC8 /* Frameworks */ = {
			isa = PBXFrameworksBuildPhase;
			buildActionMask = 2147483647;
			files = (
				C49D7C9A23731ED40005D95F /* CoreLocation.framework in Frameworks */,
				C49D7BAC2372B4020005D95F /* AVFoundation.framework in Frameworks */,
				390DF226A10BE45D147A2B4A /* libPods-RangersAppLog.a in Frameworks */,
			);
			runOnlyForDeploymentPostprocessing = 0;
		};
/* End PBXFrameworksBuildPhase section */

/* Begin PBXGroup section */
		7407FA501920B3165AE2CBE1 /* Frameworks */ = {
			isa = PBXGroup;
			children = (
				C49D7C9923731ED40005D95F /* CoreLocation.framework */,
				C49D7BAB2372B4020005D95F /* AVFoundation.framework */,
				29DFEF9F98A2D3A6D5C93AFF /* libPods-RangersAppLog.a */,
			);
			name = Frameworks;
			sourceTree = "<group>";
		};
		AB26E4AEFC68042C881FA477 /* Pods */ = {
			isa = PBXGroup;
			children = (
				8187740B1580DDB49896E8B6 /* Pods-RangersAppLog.debug.xcconfig */,
				4C491C5F133965B5626423D2 /* Pods-RangersAppLog.release.xcconfig */,
			);
			path = Pods;
			sourceTree = "<group>";
		};
		C41C888C232653FA00C9AFC8 = {
			isa = PBXGroup;
			children = (
				C41C8897232653FB00C9AFC8 /* RangersAppLog */,
				C41C8896232653FB00C9AFC8 /* Products */,
				AB26E4AEFC68042C881FA477 /* Pods */,
				7407FA501920B3165AE2CBE1 /* Frameworks */,
			);
			sourceTree = "<group>";
		};
		C41C8896232653FB00C9AFC8 /* Products */ = {
			isa = PBXGroup;
			children = (
				C41C8895232653FB00C9AFC8 /* RangersAppLog.app */,
			);
			name = Products;
			sourceTree = "<group>";
		};
		C41C8897232653FB00C9AFC8 /* RangersAppLog */ = {
			isa = PBXGroup;
			children = (
				C49D7E6A2375C6260005D95F /* Push */,
				C49D7E692375C5660005D95F /* RangersAppLog.entitlements */,
				C49D7C9B237320D70005D95F /* Background */,
				C49D7C9523731E0A0005D95F /* Location */,
				C49D7C9123730FE90005D95F /* Music */,
				C41C8898232653FB00C9AFC8 /* AppDelegate.h */,
				C41C8899232653FB00C9AFC8 /* AppDelegate.m */,
				C41C889E232653FB00C9AFC8 /* Main.storyboard */,
				C41C88A1232653FD00C9AFC8 /* Assets.xcassets */,
				C41C88A3232653FD00C9AFC8 /* LaunchScreen.storyboard */,
				C41C88A6232653FD00C9AFC8 /* Info.plist */,
				C41C88A7232653FD00C9AFC8 /* main.m */,
				C41C88AE232655E800C9AFC8 /* BDAdapter.h */,
				C41C88AF232655E800C9AFC8 /* BDAdapter.m */,
				C41C88B12326562600C9AFC8 /* BDFeedModel.h */,
				C41C88B22326562600C9AFC8 /* BDFeedModel.m */,
				C41C88B42326564600C9AFC8 /* BDFeedLoader.h */,
				C41C88B52326564600C9AFC8 /* BDFeedLoader.m */,
				C41C88B7232656C800C9AFC8 /* BDBaseTableViewController.h */,
				C41C88B8232656C800C9AFC8 /* BDBaseTableViewController.m */,
				C41C88BA2326577600C9AFC8 /* BDDemoViewController.h */,
				C41C88BB2326577600C9AFC8 /* BDDemoViewController.m */,
				C49D7E6E2376795D0005D95F /* BDResultViewController.h */,
				C49D7E6F2376795D0005D95F /* BDResultViewController.m */,
			);
			path = RangersAppLog;
			sourceTree = "<group>";
		};
		C49D7C9123730FE90005D95F /* Music */ = {
			isa = PBXGroup;
			children = (
				C49D7CA22373A9760005D95F /* test_song.jpg */,
				C49D7C8F23730D010005D95F /* test_song.mp3 */,
				C49D7C92237310410005D95F /* BDPlayer.h */,
				C49D7C93237310410005D95F /* BDPlayer.m */,
			);
			path = Music;
			sourceTree = "<group>";
		};
		C49D7C9523731E0A0005D95F /* Location */ = {
			isa = PBXGroup;
			children = (
				C49D7C9623731E760005D95F /* LocationTracker.h */,
				C49D7C9723731E760005D95F /* LocationTracker.m */,
			);
			path = Location;
			sourceTree = "<group>";
		};
		C49D7C9B237320D70005D95F /* Background */ = {
			isa = PBXGroup;
			children = (
				C49D7C9C237323BD0005D95F /* BackgroundTask.h */,
				C49D7C9D237323BD0005D95F /* BackgroundTask.m */,
				C49D7C9F23732DE00005D95F /* BackgroundDownload.h */,
				C49D7CA023732DE00005D95F /* BackgroundDownload.m */,
			);
			path = Background;
			sourceTree = "<group>";
		};
		C49D7E6A2375C6260005D95F /* Push */ = {
			isa = PBXGroup;
			children = (
				C49D7E6B2375C6F20005D95F /* LocalPush.h */,
				C49D7E6C2375C6F20005D95F /* LocalPush.m */,
			);
			path = Push;
			sourceTree = "<group>";
		};
/* End PBXGroup section */

/* Begin PBXNativeTarget section */
		C41C8894232653FB00C9AFC8 /* RangersAppLog */ = {
			isa = PBXNativeTarget;
			buildConfigurationList = C41C88AB232653FD00C9AFC8 /* Build configuration list for PBXNativeTarget "RangersAppLog" */;
			buildPhases = (
				E22E2902B6117BD44AC92913 /* [CP] Check Pods Manifest.lock */,
				C41C8891232653FB00C9AFC8 /* Sources */,
				C41C8892232653FB00C9AFC8 /* Frameworks */,
				C41C8893232653FB00C9AFC8 /* Resources */,
				EE7075D559C9EEC3A7B9EBDB /* [CP] Copy Pods Resources */,
			);
			buildRules = (
			);
			dependencies = (
			);
			name = RangersAppLog;
			productName = RangersAppLog;
			productReference = C41C8895232653FB00C9AFC8 /* RangersAppLog.app */;
			productType = "com.apple.product-type.application";
		};
/* End PBXNativeTarget section */

/* Begin PBXProject section */
		C41C888D232653FA00C9AFC8 /* Project object */ = {
			isa = PBXProject;
			attributes = {
				LastUpgradeCheck = 1030;
				ORGANIZATIONNAME = Bytedance;
				TargetAttributes = {
					C41C8894232653FB00C9AFC8 = {
						CreatedOnToolsVersion = 10.3;
					};
				};
			};
			buildConfigurationList = C41C8890232653FA00C9AFC8 /* Build configuration list for PBXProject "RangersAppLog" */;
			compatibilityVersion = "Xcode 9.3";
			developmentRegion = en;
			hasScannedForEncodings = 0;
			knownRegions = (
				en,
				Base,
			);
			mainGroup = C41C888C232653FA00C9AFC8;
			productRefGroup = C41C8896232653FB00C9AFC8 /* Products */;
			projectDirPath = "";
			projectRoot = "";
			targets = (
				C41C8894232653FB00C9AFC8 /* RangersAppLog */,
			);
		};
/* End PBXProject section */

/* Begin PBXResourcesBuildPhase section */
		C41C8893232653FB00C9AFC8 /* Resources */ = {
			isa = PBXResourcesBuildPhase;
			buildActionMask = 2147483647;
			files = (
				C41C88A5232653FD00C9AFC8 /* LaunchScreen.storyboard in Resources */,
				C49D7C9023730D010005D95F /* test_song.mp3 in Resources */,
				C41C88A2232653FD00C9AFC8 /* Assets.xcassets in Resources */,
				C41C88A0232653FB00C9AFC8 /* Main.storyboard in Resources */,
				C49D7CA32373A9760005D95F /* test_song.jpg in Resources */,
			);
			runOnlyForDeploymentPostprocessing = 0;
		};
/* End PBXResourcesBuildPhase section */

/* Begin PBXShellScriptBuildPhase section */
		E22E2902B6117BD44AC92913 /* [CP] Check Pods Manifest.lock */ = {
			isa = PBXShellScriptBuildPhase;
			buildActionMask = 2147483647;
			files = (
			);
			inputFileListPaths = (
			);
			inputPaths = (
				"${PODS_PODFILE_DIR_PATH}/Podfile.lock",
				"${PODS_ROOT}/Manifest.lock",
			);
			name = "[CP] Check Pods Manifest.lock";
			outputFileListPaths = (
			);
			outputPaths = (
				"$(DERIVED_FILE_DIR)/Pods-RangersAppLog-checkManifestLockResult.txt",
			);
			runOnlyForDeploymentPostprocessing = 0;
			shellPath = /bin/sh;
			shellScript = "diff \"${PODS_PODFILE_DIR_PATH}/Podfile.lock\" \"${PODS_ROOT}/Manifest.lock\" > /dev/null\nif [ $? != 0 ] ; then\n    # print error to STDERR\n    echo \"error: The sandbox is not in sync with the Podfile.lock. Run 'pod install' or update your CocoaPods installation.\" >&2\n    exit 1\nfi\n# This output is used by Xcode 'outputs' to avoid re-running this script phase.\necho \"SUCCESS\" > \"${SCRIPT_OUTPUT_FILE_0}\"\n";
			showEnvVarsInLog = 0;
		};
		EE7075D559C9EEC3A7B9EBDB /* [CP] Copy Pods Resources */ = {
			isa = PBXShellScriptBuildPhase;
			buildActionMask = 2147483647;
			files = (
			);
			inputFileListPaths = (
			);
			name = "[CP] Copy Pods Resources";
			outputFileListPaths = (
			);
			runOnlyForDeploymentPostprocessing = 0;
			shellPath = /bin/sh;
			shellScript = "\"${PODS_ROOT}/Target Support Files/Pods-RangersAppLog/Pods-RangersAppLog-resources.sh\"\n";
			showEnvVarsInLog = 0;
		};
/* End PBXShellScriptBuildPhase section */

/* Begin PBXSourcesBuildPhase section */
		C41C8891232653FB00C9AFC8 /* Sources */ = {
			isa = PBXSourcesBuildPhase;
			buildActionMask = 2147483647;
			files = (
				C49D7C94237310410005D95F /* BDPlayer.m in Sources */,
				C41C88B9232656C800C9AFC8 /* BDBaseTableViewController.m in Sources */,
				C41C88B62326564600C9AFC8 /* BDFeedLoader.m in Sources */,
				C41C88BC2326577600C9AFC8 /* BDDemoViewController.m in Sources */,
				C41C88B0232655E800C9AFC8 /* BDAdapter.m in Sources */,
				C49D7E702376795D0005D95F /* BDResultViewController.m in Sources */,
				C49D7C9823731E760005D95F /* LocationTracker.m in Sources */,
				C41C88B32326562600C9AFC8 /* BDFeedModel.m in Sources */,
				C49D7CA123732DE00005D95F /* BackgroundDownload.m in Sources */,
				C41C88A8232653FD00C9AFC8 /* main.m in Sources */,
				C49D7E6D2375C6F20005D95F /* LocalPush.m in Sources */,
				C49D7C9E237323BD0005D95F /* BackgroundTask.m in Sources */,
				C41C889A232653FB00C9AFC8 /* AppDelegate.m in Sources */,
			);
			runOnlyForDeploymentPostprocessing = 0;
		};
/* End PBXSourcesBuildPhase section */

/* Begin PBXVariantGroup section */
		C41C889E232653FB00C9AFC8 /* Main.storyboard */ = {
			isa = PBXVariantGroup;
			children = (
				C41C889F232653FB00C9AFC8 /* Base */,
			);
			name = Main.storyboard;
			sourceTree = "<group>";
		};
		C41C88A3232653FD00C9AFC8 /* LaunchScreen.storyboard */ = {
			isa = PBXVariantGroup;
			children = (
				C41C88A4232653FD00C9AFC8 /* Base */,
			);
			name = LaunchScreen.storyboard;
			sourceTree = "<group>";
		};
/* End PBXVariantGroup section */

/* Begin XCBuildConfiguration section */
		C41C88A9232653FD00C9AFC8 /* Debug */ = {
			isa = XCBuildConfiguration;
			buildSettings = {
				ALWAYS_SEARCH_USER_PATHS = NO;
				CLANG_ANALYZER_NONNULL = YES;
				CLANG_ANALYZER_NUMBER_OBJECT_CONVERSION = YES_AGGRESSIVE;
				CLANG_CXX_LANGUAGE_STANDARD = "gnu++14";
				CLANG_CXX_LIBRARY = "libc++";
				CLANG_ENABLE_MODULES = YES;
				CLANG_ENABLE_OBJC_ARC = YES;
				CLANG_ENABLE_OBJC_WEAK = YES;
				CLANG_WARN_BLOCK_CAPTURE_AUTORELEASING = YES;
				CLANG_WARN_BOOL_CONVERSION = YES;
				CLANG_WARN_COMMA = YES;
				CLANG_WARN_CONSTANT_CONVERSION = YES;
				CLANG_WARN_DEPRECATED_OBJC_IMPLEMENTATIONS = YES;
				CLANG_WARN_DIRECT_OBJC_ISA_USAGE = YES_ERROR;
				CLANG_WARN_DOCUMENTATION_COMMENTS = YES;
				CLANG_WARN_EMPTY_BODY = YES;
				CLANG_WARN_ENUM_CONVERSION = YES;
				CLANG_WARN_INFINITE_RECURSION = YES;
				CLANG_WARN_INT_CONVERSION = YES;
				CLANG_WARN_NON_LITERAL_NULL_CONVERSION = YES;
				CLANG_WARN_OBJC_IMPLICIT_RETAIN_SELF = YES;
				CLANG_WARN_OBJC_LITERAL_CONVERSION = YES;
				CLANG_WARN_OBJC_ROOT_CLASS = YES_ERROR;
				CLANG_WARN_RANGE_LOOP_ANALYSIS = YES;
				CLANG_WARN_STRICT_PROTOTYPES = YES;
				CLANG_WARN_SUSPICIOUS_MOVE = YES;
				CLANG_WARN_UNGUARDED_AVAILABILITY = YES_AGGRESSIVE;
				CLANG_WARN_UNREACHABLE_CODE = YES;
				CLANG_WARN__DUPLICATE_METHOD_MATCH = YES;
				CODE_SIGN_IDENTITY = "iPhone Developer";
				COPY_PHASE_STRIP = NO;
				DEBUG_INFORMATION_FORMAT = dwarf;
				ENABLE_STRICT_OBJC_MSGSEND = YES;
				ENABLE_TESTABILITY = YES;
				GCC_C_LANGUAGE_STANDARD = gnu11;
				GCC_DYNAMIC_NO_PIC = NO;
				GCC_NO_COMMON_BLOCKS = YES;
				GCC_OPTIMIZATION_LEVEL = 0;
				GCC_PREPROCESSOR_DEFINITIONS = (
					"DEBUG=1",
					"$(inherited)",
				);
				GCC_WARN_64_TO_32_BIT_CONVERSION = YES;
				GCC_WARN_ABOUT_RETURN_TYPE = YES_ERROR;
				GCC_WARN_UNDECLARED_SELECTOR = YES;
				GCC_WARN_UNINITIALIZED_AUTOS = YES_AGGRESSIVE;
				GCC_WARN_UNUSED_FUNCTION = YES;
				GCC_WARN_UNUSED_VARIABLE = YES;
				IPHONEOS_DEPLOYMENT_TARGET = 10;
				MTL_ENABLE_DEBUG_INFO = INCLUDE_SOURCE;
				MTL_FAST_MATH = YES;
				ONLY_ACTIVE_ARCH = YES;
				SDKROOT = iphoneos;
			};
			name = Debug;
		};
		C41C88AA232653FD00C9AFC8 /* Release */ = {
			isa = XCBuildConfiguration;
			buildSettings = {
				ALWAYS_SEARCH_USER_PATHS = NO;
				CLANG_ANALYZER_NONNULL = YES;
				CLANG_ANALYZER_NUMBER_OBJECT_CONVERSION = YES_AGGRESSIVE;
				CLANG_CXX_LANGUAGE_STANDARD = "gnu++14";
				CLANG_CXX_LIBRARY = "libc++";
				CLANG_ENABLE_MODULES = YES;
				CLANG_ENABLE_OBJC_ARC = YES;
				CLANG_ENABLE_OBJC_WEAK = YES;
				CLANG_WARN_BLOCK_CAPTURE_AUTORELEASING = YES;
				CLANG_WARN_BOOL_CONVERSION = YES;
				CLANG_WARN_COMMA = YES;
				CLANG_WARN_CONSTANT_CONVERSION = YES;
				CLANG_WARN_DEPRECATED_OBJC_IMPLEMENTATIONS = YES;
				CLANG_WARN_DIRECT_OBJC_ISA_USAGE = YES_ERROR;
				CLANG_WARN_DOCUMENTATION_COMMENTS = YES;
				CLANG_WARN_EMPTY_BODY = YES;
				CLANG_WARN_ENUM_CONVERSION = YES;
				CLANG_WARN_INFINITE_RECURSION = YES;
				CLANG_WARN_INT_CONVERSION = YES;
				CLANG_WARN_NON_LITERAL_NULL_CONVERSION = YES;
				CLANG_WARN_OBJC_IMPLICIT_RETAIN_SELF = YES;
				CLANG_WARN_OBJC_LITERAL_CONVERSION = YES;
				CLANG_WARN_OBJC_ROOT_CLASS = YES_ERROR;
				CLANG_WARN_RANGE_LOOP_ANALYSIS = YES;
				CLANG_WARN_STRICT_PROTOTYPES = YES;
				CLANG_WARN_SUSPICIOUS_MOVE = YES;
				CLANG_WARN_UNGUARDED_AVAILABILITY = YES_AGGRESSIVE;
				CLANG_WARN_UNREACHABLE_CODE = YES;
				CLANG_WARN__DUPLICATE_METHOD_MATCH = YES;
				CODE_SIGN_IDENTITY = "iPhone Developer";
				COPY_PHASE_STRIP = NO;
				DEBUG_INFORMATION_FORMAT = "dwarf-with-dsym";
				ENABLE_NS_ASSERTIONS = NO;
				ENABLE_STRICT_OBJC_MSGSEND = YES;
				GCC_C_LANGUAGE_STANDARD = gnu11;
				GCC_NO_COMMON_BLOCKS = YES;
				GCC_WARN_64_TO_32_BIT_CONVERSION = YES;
				GCC_WARN_ABOUT_RETURN_TYPE = YES_ERROR;
				GCC_WARN_UNDECLARED_SELECTOR = YES;
				GCC_WARN_UNINITIALIZED_AUTOS = YES_AGGRESSIVE;
				GCC_WARN_UNUSED_FUNCTION = YES;
				GCC_WARN_UNUSED_VARIABLE = YES;
				IPHONEOS_DEPLOYMENT_TARGET = 10;
				MTL_ENABLE_DEBUG_INFO = NO;
				MTL_FAST_MATH = YES;
				SDKROOT = iphoneos;
				VALIDATE_PRODUCT = YES;
			};
			name = Release;
		};
		C41C88AC232653FD00C9AFC8 /* Debug */ = {
			isa = XCBuildConfiguration;
			baseConfigurationReference = 8187740B1580DDB49896E8B6 /* Pods-RangersAppLog.debug.xcconfig */;
			buildSettings = {
				ASSETCATALOG_COMPILER_APPICON_NAME = AppIcon;
				CODE_SIGN_ENTITLEMENTS = RangersAppLog/RangersAppLog.entitlements;
				CODE_SIGN_IDENTITY = "Apple Development";
				CODE_SIGN_STYLE = Automatic;
				DEVELOPMENT_TEAM = UA524KP7L9;
				ENABLE_BITCODE = NO;
				INFOPLIST_FILE = RangersAppLog/Info.plist;
				IPHONEOS_DEPLOYMENT_TARGET = 10.0;
				LD_GENERATE_MAP_FILE = YES;
				LD_MAP_FILE_PATH = "$(PROJECT_DIR)/build/LinkMap-Debug.txt";
				LD_RUNPATH_SEARCH_PATHS = (
					"$(inherited)",
					"@executable_path/Frameworks",
				);
				PRODUCT_BUNDLE_IDENTIFIER = com.bytedance.rangersapplog;
				PRODUCT_NAME = "$(TARGET_NAME)";
				PROVISIONING_PROFILE_SPECIFIER = "";
				TARGETED_DEVICE_FAMILY = "1,2";
			};
			name = Debug;
		};
		C41C88AD232653FD00C9AFC8 /* Release */ = {
			isa = XCBuildConfiguration;
			baseConfigurationReference = 4C491C5F133965B5626423D2 /* Pods-RangersAppLog.release.xcconfig */;
			buildSettings = {
				ASSETCATALOG_COMPILER_APPICON_NAME = AppIcon;
				CODE_SIGN_ENTITLEMENTS = RangersAppLog/RangersAppLog.entitlements;
				CODE_SIGN_IDENTITY = "Apple Development";
				CODE_SIGN_STYLE = Automatic;
				DEVELOPMENT_TEAM = UA524KP7L9;
				ENABLE_BITCODE = NO;
				INFOPLIST_FILE = RangersAppLog/Info.plist;
				IPHONEOS_DEPLOYMENT_TARGET = 10.0;
				LD_GENERATE_MAP_FILE = YES;
				LD_MAP_FILE_PATH = "$(PROJECT_DIR)/build/LinkMap-Release.txt";
				LD_RUNPATH_SEARCH_PATHS = (
					"$(inherited)",
					"@executable_path/Frameworks",
				);
				PRODUCT_BUNDLE_IDENTIFIER = com.bytedance.rangersapplog;
				PRODUCT_NAME = "$(TARGET_NAME)";
				PROVISIONING_PROFILE_SPECIFIER = "";
				TARGETED_DEVICE_FAMILY = "1,2";
			};
			name = Release;
		};
/* End XCBuildConfiguration section */

/* Begin XCConfigurationList section */
		C41C8890232653FA00C9AFC8 /* Build configuration list for PBXProject "RangersAppLog" */ = {
			isa = XCConfigurationList;
			buildConfigurations = (
				C41C88A9232653FD00C9AFC8 /* Debug */,
				C41C88AA232653FD00C9AFC8 /* Release */,
			);
			defaultConfigurationIsVisible = 0;
			defaultConfigurationName = Release;
		};
		C41C88AB232653FD00C9AFC8 /* Build configuration list for PBXNativeTarget "RangersAppLog" */ = {
			isa = XCConfigurationList;
			buildConfigurations = (
				C41C88AC232653FD00C9AFC8 /* Debug */,
				C41C88AD232653FD00C9AFC8 /* Release */,
			);
			defaultConfigurationIsVisible = 0;
			defaultConfigurationName = Release;
		};
/* End XCConfigurationList section */
	};
	rootObject = C41C888D232653FA00C9AFC8 /* Project object */;
}
